
Microsoft Visual Studio Solution File, Format Version 12.00
# Visual Studio 14
VisualStudioVersion = 14.0.25420.1
MinimumVisualStudioVersion = 10.0.40219.1
Project("{FAE04EC0-301F-11D3-BF4B-00C04F79EFBC}") = "ProjetoPimConstrutora", "ProjetoPimConstrutora\ProjetoPimConstrutora.csproj", "{2178B54F-7FD0-4F43-B850-9EDD9CA7BF85}"
EndProject
Project("{2150E333-8FDC-42A3-9474-1A3956D46DE8}") = "Camadas", "Camadas", "{78993C7A-DEE0-4E28-9258-93C1D7CD2731}"
EndProject
Project("{FAE04EC0-301F-11D3-BF4B-00C04F79EFBC}") = "ENT", "ENT\ENT.csproj", "{CF97E72F-253C-4FF8-9A8F-A9B69D75E7E2}"
EndProject
Project("{FAE04EC0-301F-11D3-BF4B-00C04F79EFBC}") = "NEG", "NEG\NEG.csproj", "{E183841F-86F1-4F61-8A0C-99D939B2AEAB}"
EndProject
Project("{FAE04EC0-301F-11D3-BF4B-00C04F79EFBC}") = "DAO", "DAO\DAO.csproj", "{3C0171AA-A90C-4FBC-8543-1B1FE513B961}"
EndProject
Global
	GlobalSection(SolutionConfigurationPlatforms) = preSolution
		Debug|Any CPU = Debug|Any CPU
		Release|Any CPU = Release|Any CPU
	EndGlobalSection
	GlobalSection(ProjectConfigurationPlatforms) = postSolution
		{2178B54F-7FD0-4F43-B850-9EDD9CA7BF85}.Debug|Any CPU.ActiveCfg = Debug|Any CPU
		{2178B54F-7FD0-4F43-B850-9EDD9CA7BF85}.Debug|Any CPU.Build.0 = Debug|Any CPU
		{2178B54F-7FD0-4F43-B850-9EDD9CA7BF85}.Release|Any CPU.ActiveCfg = Release|Any CPU
		{2178B54F-7FD0-4F43-B850-9EDD9CA7BF85}.Release|Any CPU.Build.0 = Release|Any CPU
		{CF97E72F-253C-4FF8-9A8F-A9B69D75E7E2}.Debug|Any CPU.ActiveCfg = Debug|Any CPU
		{CF97E72F-253C-4FF8-9A8F-A9B69D75E7E2}.Debug|Any CPU.Build.0 = Debug|Any CPU
		{CF97E72F-253C-4FF8-9A8F-A9B69D75E7E2}.Release|Any CPU.ActiveCfg = Release|Any CPU
		{CF97E72F-253C-4FF8-9A8F-A9B69D75E7E2}.Release|Any CPU.Build.0 = Release|Any CPU
		{E183841F-86F1-4F61-8A0C-99D939B2AEAB}.Debug|Any CPU.ActiveCfg = Debug|Any CPU
		{E183841F-86F1-4F61-8A0C-99D939B2AEAB}.Debug|Any CPU.Build.0 = Debug|Any CPU
		{E183841F-86F1-4F61-8A0C-99D939B2AEAB}.Release|Any CPU.ActiveCfg = Release|Any CPU
		{E183841F-86F1-4F61-8A0C-99D939B2AEAB}.Release|Any CPU.Build.0 = Release|Any CPU
		{3C0171AA-A90C-4FBC-8543-1B1FE513B961}.Debug|Any CPU.ActiveCfg = Debug|Any CPU
		{3C0171AA-A90C-4FBC-8543-1B1FE513B961}.Debug|Any CPU.Build.0 = Debug|Any CPU
		{3C0171AA-A90C-4FBC-8543-1B1FE513B961}.Release|Any CPU.ActiveCfg = Release|Any CPU
		{3C0171AA-A90C-4FBC-8543-1B1FE513B961}.Release|Any CPU.Build.0 = Release|Any CPU
	EndGlobalSection
	GlobalSection(SolutionProperties) = preSolution
		HideSolutionNode = FALSE
	EndGlobalSection
	GlobalSection(NestedProjects) = preSolution
		{CF97E72F-253C-4FF8-9A8F-A9B69D75E7E2} = {78993C7A-DEE0-4E28-9258-93C1D7CD2731}
		{E183841F-86F1-4F61-8A0C-99D939B2AEAB} = {78993C7A-DEE0-4E28-9258-93C1D7CD2731}
		{3C0171AA-A90C-4FBC-8543-1B1FE513B961} = {78993C7A-DEE0-4E28-9258-93C1D7CD2731}
	EndGlobalSection
EndGlobal
